
Microsoft Visual Studio Solution File, Format Version 12.00
# Visual Studio Version 17
VisualStudioVersion = 17.2.32519.379
MinimumVisualStudioVersion = 10.0.40219.1
Project("{FAE04EC0-301F-11D3-BF4B-00C04F79EFBC}") = "net_core_practice", "net_core_practice.csproj", "{790A069E-CAFC-44C7-887A-3A1C2C0C1673}"
EndProject
Global
	GlobalSection(SolutionConfigurationPlatforms) = preSolution
		Debug|Any CPU = Debug|Any CPU
		Release|Any CPU = Release|Any CPU
	EndGlobalSection
	GlobalSection(ProjectConfigurationPlatforms) = postSolution
		{790A069E-CAFC-44C7-887A-3A1C2C0C1673}.Debug|Any CPU.ActiveCfg = Debug|Any CPU
		{790A069E-CAFC-44C7-887A-3A1C2C0C1673}.Debug|Any CPU.Build.0 = Debug|Any CPU
		{790A069E-CAFC-44C7-887A-3A1C2C0C1673}.Release|Any CPU.ActiveCfg = Release|Any CPU
		{790A069E-CAFC-44C7-887A-3A1C2C0C1673}.Release|Any CPU.Build.0 = Release|Any CPU
	EndGlobalSection
	GlobalSection(SolutionProperties) = preSolution
		HideSolutionNode = FALSE
	EndGlobalSection
	GlobalSection(ExtensibilityGlobals) = postSolution
		SolutionGuid = {AE1E5672-93D2-45F1-A7C9-84888980A569}
	EndGlobalSection
EndGlobal
